
Microsoft Visual Studio Solution File, Format Version 12.00
# Visual Studio Version 16
VisualStudioVersion = 16.0.31129.286
MinimumVisualStudioVersion = 10.0.40219.1
Project("{FAE04EC0-301F-11D3-BF4B-00C04F79EFBC}") = "MVCPOC", "MVCPOC.csproj", "{9AAD6F3D-B675-4F48-8852-4BC11FB91D9D}"
EndProject
Global
	GlobalSection(SolutionConfigurationPlatforms) = preSolution
		Debug|Any CPU = Debug|Any CPU
		Release|Any CPU = Release|Any CPU
	EndGlobalSection
	GlobalSection(ProjectConfigurationPlatforms) = postSolution
		{9AAD6F3D-B675-4F48-8852-4BC11FB91D9D}.Debug|Any CPU.ActiveCfg = Debug|Any CPU
		{9AAD6F3D-B675-4F48-8852-4BC11FB91D9D}.Debug|Any CPU.Build.0 = Debug|Any CPU
		{9AAD6F3D-B675-4F48-8852-4BC11FB91D9D}.Release|Any CPU.ActiveCfg = Release|Any CPU
		{9AAD6F3D-B675-4F48-8852-4BC11FB91D9D}.Release|Any CPU.Build.0 = Release|Any CPU
	EndGlobalSection
	GlobalSection(SolutionProperties) = preSolution
		HideSolutionNode = FALSE
	EndGlobalSection
	GlobalSection(ExtensibilityGlobals) = postSolution
		SolutionGuid = {18B4D46A-21D8-4A3A-B5CF-8DBB64AF77B9}
	EndGlobalSection
EndGlobal
